# This file is generated by running "yarn install" inside your project.
# Manual changes might be lost - proceed with caution!

__metadata:
  version: 8
  cacheKey: 10c0

"minimist@npm:1.2.8":
  version: 1.2.8
  resolution: "minimist@npm:1.2.8"
  checksum: 10c0/19d3fcdca050087b84c2029841a093691a91259a47def2f18222f41e7645a0b7c44ef4b40e88a1e58a40c84d2ef0ee6047c55594d298146d0eb3f6b737c20ce6
  languageName: node
  linkType: hard

"vm1-yarn-cond@workspace:.":
  version: 0.0.0-use.local
  resolution: "vm1-yarn-cond@workspace:."
  dependencies:
    minimist: "npm:1.2.8"
  dependenciesMeta:
    minimist:
      optional: true
  languageName: unknown
  linkType: soft
